
Microsoft Visual Studio Solution File, Format Version 12.00
# Visual Studio Version 17
VisualStudioVersion = 17.4.33213.308
MinimumVisualStudioVersion = 10.0.40219.1
Project("{FAE04EC0-301F-11D3-BF4B-00C04F79EFBC}") = "Akinsof_cloe", "Akinsof_cloe\Akinsof_cloe.csproj", "{AB1FB90D-98E2-44AF-80C0-22E0C580B000}"
EndProject
Global
	GlobalSection(SolutionConfigurationPlatforms) = preSolution
		Debug|Any CPU = Debug|Any CPU
		Release|Any CPU = Release|Any CPU
	EndGlobalSection
	GlobalSection(ProjectConfigurationPlatforms) = postSolution
		{AB1FB90D-98E2-44AF-80C0-22E0C580B000}.Debug|Any CPU.ActiveCfg = Debug|Any CPU
		{AB1FB90D-98E2-44AF-80C0-22E0C580B000}.Debug|Any CPU.Build.0 = Debug|Any CPU
		{AB1FB90D-98E2-44AF-80C0-22E0C580B000}.Release|Any CPU.ActiveCfg = Release|Any CPU
		{AB1FB90D-98E2-44AF-80C0-22E0C580B000}.Release|Any CPU.Build.0 = Release|Any CPU
	EndGlobalSection
	GlobalSection(SolutionProperties) = preSolution
		HideSolutionNode = FALSE
	EndGlobalSection
	GlobalSection(ExtensibilityGlobals) = postSolution
		SolutionGuid = {84D9EB50-66AE-4337-B61C-4390EDAB73B4}
	EndGlobalSection
EndGlobal
